
Microsoft Visual Studio Solution File, Format Version 12.00
# Visual Studio Version 16
VisualStudioVersion = 16.0.30104.148
MinimumVisualStudioVersion = 10.0.40219.1
Project("{9A19103F-16F7-4668-BE54-9A1E7A4F7556}") = "promotion-engine", "promotion-engine\promotion-engine.csproj", "{F367ED31-52E0-4328-9C0F-7EB974985020}"
EndProject
Project("{FAE04EC0-301F-11D3-BF4B-00C04F79EFBC}") = "promotion-engine-tests", "promotion-engine-tests\promotion-engine-tests.csproj", "{77314D57-BB6B-4053-99CF-C5A18AE923FC}"
EndProject
Global
	GlobalSection(SolutionConfigurationPlatforms) = preSolution
		Debug|Any CPU = Debug|Any CPU
		Release|Any CPU = Release|Any CPU
	EndGlobalSection
	GlobalSection(ProjectConfigurationPlatforms) = postSolution
		{F367ED31-52E0-4328-9C0F-7EB974985020}.Debug|Any CPU.ActiveCfg = Debug|Any CPU
		{F367ED31-52E0-4328-9C0F-7EB974985020}.Debug|Any CPU.Build.0 = Debug|Any CPU
		{F367ED31-52E0-4328-9C0F-7EB974985020}.Release|Any CPU.ActiveCfg = Release|Any CPU
		{F367ED31-52E0-4328-9C0F-7EB974985020}.Release|Any CPU.Build.0 = Release|Any CPU
		{77314D57-BB6B-4053-99CF-C5A18AE923FC}.Debug|Any CPU.ActiveCfg = Debug|Any CPU
		{77314D57-BB6B-4053-99CF-C5A18AE923FC}.Debug|Any CPU.Build.0 = Debug|Any CPU
		{77314D57-BB6B-4053-99CF-C5A18AE923FC}.Release|Any CPU.ActiveCfg = Release|Any CPU
		{77314D57-BB6B-4053-99CF-C5A18AE923FC}.Release|Any CPU.Build.0 = Release|Any CPU
	EndGlobalSection
	GlobalSection(SolutionProperties) = preSolution
		HideSolutionNode = FALSE
	EndGlobalSection
	GlobalSection(ExtensibilityGlobals) = postSolution
		SolutionGuid = {2F177872-FACF-44A6-8888-C323C790AD6C}
	EndGlobalSection
EndGlobal
